
Microsoft Visual Studio Solution File, Format Version 12.00
# Visual Studio 15
VisualStudioVersion = 15.0.28307.102
MinimumVisualStudioVersion = 10.0.40219.1
Project("{2150E333-8FDC-42A3-9474-1A3956D46DE8}") = "Common", "Common", "{8FA6CD50-280D-4469-B88E-B863C13166C4}"
EndProject
Project("{2150E333-8FDC-42A3-9474-1A3956D46DE8}") = "Services", "Services", "{C066A01C-FB0D-48E4-A323-9A513D366668}"
EndProject
Project("{2150E333-8FDC-42A3-9474-1A3956D46DE8}") = "UI", "UI", "{A762619A-FC8F-4976-A1E8-3FBA66FB8269}"
EndProject
Project("{9A19103F-16F7-4668-BE54-9A1E7A4F7556}") = "WebStore.Entities", "Common\WebStore.Entities\WebStore.Entities.csproj", "{B28DF53B-7719-495F-A17A-85C14E47CB5F}"
EndProject
Project("{9A19103F-16F7-4668-BE54-9A1E7A4F7556}") = "WebStore.DAL", "Services\WebStore.DAL\WebStore.DAL.csproj", "{DAE0886E-6CCF-46CF-A76A-8E92DA51D2B9}"
EndProject
Project("{9A19103F-16F7-4668-BE54-9A1E7A4F7556}") = "WebStore", "UI\WebStore\WebStore.csproj", "{E9812581-F2F5-4697-A6C2-4D0D64F7876F}"
EndProject
Project("{9A19103F-16F7-4668-BE54-9A1E7A4F7556}") = "WebStore.Interfaces", "Services\WebStore.Interfaces\WebStore.Interfaces.csproj", "{D34248CF-8E41-43B1-896A-BAF31C95AC69}"
EndProject
Project("{9A19103F-16F7-4668-BE54-9A1E7A4F7556}") = "WebStore.Clients", "Services\WebStore.Clients\WebStore.Clients.csproj", "{EC45B22B-765A-4754-B2C9-1F0DC7DE019E}"
EndProject
Project("{9A19103F-16F7-4668-BE54-9A1E7A4F7556}") = "WebStore.ServiceHosting", "Services\WebStore.ServiceHosting\WebStore.ServiceHosting.csproj", "{3A34DF20-EB39-404E-A465-89B7FEBD7C24}"
EndProject
Project("{9A19103F-16F7-4668-BE54-9A1E7A4F7556}") = "WebStore.Services", "Services\WebStore.Services\WebStore.Services.csproj", "{6B469EE9-A755-4529-BF9D-F1608DFF4A01}"
EndProject
Project("{FAE04EC0-301F-11D3-BF4B-00C04F79EFBC}") = "WebStore.Logger", "Common\WebStore.Logger\WebStore.Logger.csproj", "{F027788A-ADFA-46FC-AB70-C07E96412F3B}"
EndProject
Global
	GlobalSection(SolutionConfigurationPlatforms) = preSolution
		Debug|Any CPU = Debug|Any CPU
		Release|Any CPU = Release|Any CPU
	EndGlobalSection
	GlobalSection(ProjectConfigurationPlatforms) = postSolution
		{B28DF53B-7719-495F-A17A-85C14E47CB5F}.Debug|Any CPU.ActiveCfg = Debug|Any CPU
		{B28DF53B-7719-495F-A17A-85C14E47CB5F}.Debug|Any CPU.Build.0 = Debug|Any CPU
		{B28DF53B-7719-495F-A17A-85C14E47CB5F}.Release|Any CPU.ActiveCfg = Release|Any CPU
		{B28DF53B-7719-495F-A17A-85C14E47CB5F}.Release|Any CPU.Build.0 = Release|Any CPU
		{DAE0886E-6CCF-46CF-A76A-8E92DA51D2B9}.Debug|Any CPU.ActiveCfg = Debug|Any CPU
		{DAE0886E-6CCF-46CF-A76A-8E92DA51D2B9}.Debug|Any CPU.Build.0 = Debug|Any CPU
		{DAE0886E-6CCF-46CF-A76A-8E92DA51D2B9}.Release|Any CPU.ActiveCfg = Release|Any CPU
		{DAE0886E-6CCF-46CF-A76A-8E92DA51D2B9}.Release|Any CPU.Build.0 = Release|Any CPU
		{E9812581-F2F5-4697-A6C2-4D0D64F7876F}.Debug|Any CPU.ActiveCfg = Debug|Any CPU
		{E9812581-F2F5-4697-A6C2-4D0D64F7876F}.Debug|Any CPU.Build.0 = Debug|Any CPU
		{E9812581-F2F5-4697-A6C2-4D0D64F7876F}.Release|Any CPU.ActiveCfg = Release|Any CPU
		{E9812581-F2F5-4697-A6C2-4D0D64F7876F}.Release|Any CPU.Build.0 = Release|Any CPU
		{D34248CF-8E41-43B1-896A-BAF31C95AC69}.Debug|Any CPU.ActiveCfg = Debug|Any CPU
		{D34248CF-8E41-43B1-896A-BAF31C95AC69}.Debug|Any CPU.Build.0 = Debug|Any CPU
		{D34248CF-8E41-43B1-896A-BAF31C95AC69}.Release|Any CPU.ActiveCfg = Release|Any CPU
		{D34248CF-8E41-43B1-896A-BAF31C95AC69}.Release|Any CPU.Build.0 = Release|Any CPU
		{EC45B22B-765A-4754-B2C9-1F0DC7DE019E}.Debug|Any CPU.ActiveCfg = Debug|Any CPU
		{EC45B22B-765A-4754-B2C9-1F0DC7DE019E}.Debug|Any CPU.Build.0 = Debug|Any CPU
		{EC45B22B-765A-4754-B2C9-1F0DC7DE019E}.Release|Any CPU.ActiveCfg = Release|Any CPU
		{EC45B22B-765A-4754-B2C9-1F0DC7DE019E}.Release|Any CPU.Build.0 = Release|Any CPU
		{3A34DF20-EB39-404E-A465-89B7FEBD7C24}.Debug|Any CPU.ActiveCfg = Debug|Any CPU
		{3A34DF20-EB39-404E-A465-89B7FEBD7C24}.Debug|Any CPU.Build.0 = Debug|Any CPU
		{3A34DF20-EB39-404E-A465-89B7FEBD7C24}.Release|Any CPU.ActiveCfg = Release|Any CPU
		{3A34DF20-EB39-404E-A465-89B7FEBD7C24}.Release|Any CPU.Build.0 = Release|Any CPU
		{6B469EE9-A755-4529-BF9D-F1608DFF4A01}.Debug|Any CPU.ActiveCfg = Debug|Any CPU
		{6B469EE9-A755-4529-BF9D-F1608DFF4A01}.Debug|Any CPU.Build.0 = Debug|Any CPU
		{6B469EE9-A755-4529-BF9D-F1608DFF4A01}.Release|Any CPU.ActiveCfg = Release|Any CPU
		{6B469EE9-A755-4529-BF9D-F1608DFF4A01}.Release|Any CPU.Build.0 = Release|Any CPU
		{F027788A-ADFA-46FC-AB70-C07E96412F3B}.Debug|Any CPU.ActiveCfg = Debug|Any CPU
		{F027788A-ADFA-46FC-AB70-C07E96412F3B}.Debug|Any CPU.Build.0 = Debug|Any CPU
		{F027788A-ADFA-46FC-AB70-C07E96412F3B}.Release|Any CPU.ActiveCfg = Release|Any CPU
		{F027788A-ADFA-46FC-AB70-C07E96412F3B}.Release|Any CPU.Build.0 = Release|Any CPU
	EndGlobalSection
	GlobalSection(SolutionProperties) = preSolution
		HideSolutionNode = FALSE
	EndGlobalSection
	GlobalSection(NestedProjects) = preSolution
		{B28DF53B-7719-495F-A17A-85C14E47CB5F} = {8FA6CD50-280D-4469-B88E-B863C13166C4}
		{DAE0886E-6CCF-46CF-A76A-8E92DA51D2B9} = {C066A01C-FB0D-48E4-A323-9A513D366668}
		{E9812581-F2F5-4697-A6C2-4D0D64F7876F} = {A762619A-FC8F-4976-A1E8-3FBA66FB8269}
		{D34248CF-8E41-43B1-896A-BAF31C95AC69} = {C066A01C-FB0D-48E4-A323-9A513D366668}
		{EC45B22B-765A-4754-B2C9-1F0DC7DE019E} = {C066A01C-FB0D-48E4-A323-9A513D366668}
		{3A34DF20-EB39-404E-A465-89B7FEBD7C24} = {C066A01C-FB0D-48E4-A323-9A513D366668}
		{6B469EE9-A755-4529-BF9D-F1608DFF4A01} = {C066A01C-FB0D-48E4-A323-9A513D366668}
		{F027788A-ADFA-46FC-AB70-C07E96412F3B} = {8FA6CD50-280D-4469-B88E-B863C13166C4}
	EndGlobalSection
	GlobalSection(ExtensibilityGlobals) = postSolution
		SolutionGuid = {B095C402-1D7C-4F7D-8B98-4748CFC4B2B7}
	EndGlobalSection
EndGlobal
